
Microsoft Visual Studio Solution File, Format Version 12.00
# Visual Studio Version 17
VisualStudioVersion = 17.1.32319.34
MinimumVisualStudioVersion = 10.0.40219.1
Project("{FAE04EC0-301F-11D3-BF4B-00C04F79EFBC}") = "WifiServerApp", "WifiServerApp\WifiServerApp.csproj", "{358B74D1-2B62-4F7E-B6AC-16825F430B84}"
EndProject
Global
	GlobalSection(SolutionConfigurationPlatforms) = preSolution
		Debug|Any CPU = Debug|Any CPU
		Release|Any CPU = Release|Any CPU
	EndGlobalSection
	GlobalSection(ProjectConfigurationPlatforms) = postSolution
		{358B74D1-2B62-4F7E-B6AC-16825F430B84}.Debug|Any CPU.ActiveCfg = Debug|Any CPU
		{358B74D1-2B62-4F7E-B6AC-16825F430B84}.Debug|Any CPU.Build.0 = Debug|Any CPU
		{358B74D1-2B62-4F7E-B6AC-16825F430B84}.Debug|Any CPU.Deploy.0 = Debug|Any CPU
		{358B74D1-2B62-4F7E-B6AC-16825F430B84}.Release|Any CPU.ActiveCfg = Release|Any CPU
		{358B74D1-2B62-4F7E-B6AC-16825F430B84}.Release|Any CPU.Build.0 = Release|Any CPU
		{358B74D1-2B62-4F7E-B6AC-16825F430B84}.Release|Any CPU.Deploy.0 = Release|Any CPU
	EndGlobalSection
	GlobalSection(SolutionProperties) = preSolution
		HideSolutionNode = FALSE
	EndGlobalSection
	GlobalSection(ExtensibilityGlobals) = postSolution
		SolutionGuid = {E8032A18-F879-4981-8203-DF4DDE31E5A9}
	EndGlobalSection
EndGlobal
